
Microsoft Visual Studio Solution File, Format Version 12.00
# Visual Studio 15
Project("{FAE04EC0-301F-11D3-BF4B-00C04F79EFBC}") = "Mirror.Examples", "Mirror.Examples.csproj", "{4F933EAE-22F2-2036-3BA2-B6A50439889B}"
EndProject
Project("{FAE04EC0-301F-11D3-BF4B-00C04F79EFBC}") = "Mirror", "Mirror.csproj", "{15503772-E787-29CD-3F61-32D69EBBCB16}"
EndProject
Project("{FAE04EC0-301F-11D3-BF4B-00C04F79EFBC}") = "Mirror.Components", "Mirror.Components.csproj", "{128FF9A8-4538-AD71-0219-B5C09E7AFB7D}"
EndProject
Project("{FAE04EC0-301F-11D3-BF4B-00C04F79EFBC}") = "Ninja.WebSockets", "Ninja.WebSockets.csproj", "{8DFD9A9E-3F75-B2B4-BA97-6438217B22C7}"
EndProject
Project("{FAE04EC0-301F-11D3-BF4B-00C04F79EFBC}") = "Telepathy", "Telepathy.csproj", "{E889E796-0A63-F887-0662-40F86D47B956}"
EndProject
Project("{FAE04EC0-301F-11D3-BF4B-00C04F79EFBC}") = "Mirror.Authenticators", "Mirror.Authenticators.csproj", "{D6B6E996-9B85-E2CC-0B58-C6D637B7FE09}"
EndProject
Project("{FAE04EC0-301F-11D3-BF4B-00C04F79EFBC}") = "Mirror.Websocket", "Mirror.Websocket.csproj", "{DFAD3C0C-4E81-C534-2C7F-DEA95B8AE434}"
EndProject
Project("{FAE04EC0-301F-11D3-BF4B-00C04F79EFBC}") = "Assembly-CSharp", "Assembly-CSharp.csproj", "{25A05823-DD4D-FC63-4D51-5F23B7D797BC}"
EndProject
Project("{FAE04EC0-301F-11D3-BF4B-00C04F79EFBC}") = "Mirror.Examples.Cloud.GUI", "Mirror.Examples.Cloud.GUI.csproj", "{F24BEB3F-31FF-BF13-6547-0C10ED747F76}"
EndProject
Project("{FAE04EC0-301F-11D3-BF4B-00C04F79EFBC}") = "Mirror.Cloud", "Mirror.Cloud.csproj", "{5E77CB0A-36ED-2C6A-8246-F10FF0C26962}"
EndProject
Project("{FAE04EC0-301F-11D3-BF4B-00C04F79EFBC}") = "Mirror.Examples.Cloud.Pong", "Mirror.Examples.Cloud.Pong.csproj", "{5C252BEB-6EE4-87B3-3AF4-AF9FD8CE2B76}"
EndProject
Project("{FAE04EC0-301F-11D3-BF4B-00C04F79EFBC}") = "Mirror.example.RigidbodyPhysics", "Mirror.example.RigidbodyPhysics.csproj", "{51EBE740-DAFA-8B48-112A-742E6B9D6424}"
EndProject
Project("{FAE04EC0-301F-11D3-BF4B-00C04F79EFBC}") = "Mirror.Weaver", "Mirror.Weaver.csproj", "{5365C3F1-4E9B-6616-E84F-0145857640FB}"
EndProject
Project("{FAE04EC0-301F-11D3-BF4B-00C04F79EFBC}") = "Mirror.Editor", "Mirror.Editor.csproj", "{44BE7134-887D-C91D-BEB9-3E3AE58145C0}"
EndProject
Project("{FAE04EC0-301F-11D3-BF4B-00C04F79EFBC}") = "Mirror.CompilerSymbols", "Mirror.CompilerSymbols.csproj", "{13BDAA02-6263-B266-5D66-89AB0F2E58C3}"
EndProject
Global
	GlobalSection(SolutionConfigurationPlatforms) = preSolution
		Debug|Any CPU = Debug|Any CPU
		Release|Any CPU = Release|Any CPU
	EndGlobalSection
	GlobalSection(ProjectConfigurationPlatforms) = postSolution
		{4F933EAE-22F2-2036-3BA2-B6A50439889B}.Debug|Any CPU.ActiveCfg = Debug|Any CPU
		{4F933EAE-22F2-2036-3BA2-B6A50439889B}.Debug|Any CPU.Build.0 = Debug|Any CPU
		{4F933EAE-22F2-2036-3BA2-B6A50439889B}.Release|Any CPU.ActiveCfg = Release|Any CPU
		{4F933EAE-22F2-2036-3BA2-B6A50439889B}.Release|Any CPU.Build.0 = Release|Any CPU
		{15503772-E787-29CD-3F61-32D69EBBCB16}.Debug|Any CPU.ActiveCfg = Debug|Any CPU
		{15503772-E787-29CD-3F61-32D69EBBCB16}.Debug|Any CPU.Build.0 = Debug|Any CPU
		{15503772-E787-29CD-3F61-32D69EBBCB16}.Release|Any CPU.ActiveCfg = Release|Any CPU
		{15503772-E787-29CD-3F61-32D69EBBCB16}.Release|Any CPU.Build.0 = Release|Any CPU
		{128FF9A8-4538-AD71-0219-B5C09E7AFB7D}.Debug|Any CPU.ActiveCfg = Debug|Any CPU
		{128FF9A8-4538-AD71-0219-B5C09E7AFB7D}.Debug|Any CPU.Build.0 = Debug|Any CPU
		{128FF9A8-4538-AD71-0219-B5C09E7AFB7D}.Release|Any CPU.ActiveCfg = Release|Any CPU
		{128FF9A8-4538-AD71-0219-B5C09E7AFB7D}.Release|Any CPU.Build.0 = Release|Any CPU
		{8DFD9A9E-3F75-B2B4-BA97-6438217B22C7}.Debug|Any CPU.ActiveCfg = Debug|Any CPU
		{8DFD9A9E-3F75-B2B4-BA97-6438217B22C7}.Debug|Any CPU.Build.0 = Debug|Any CPU
		{8DFD9A9E-3F75-B2B4-BA97-6438217B22C7}.Release|Any CPU.ActiveCfg = Release|Any CPU
		{8DFD9A9E-3F75-B2B4-BA97-6438217B22C7}.Release|Any CPU.Build.0 = Release|Any CPU
		{E889E796-0A63-F887-0662-40F86D47B956}.Debug|Any CPU.ActiveCfg = Debug|Any CPU
		{E889E796-0A63-F887-0662-40F86D47B956}.Debug|Any CPU.Build.0 = Debug|Any CPU
		{E889E796-0A63-F887-0662-40F86D47B956}.Release|Any CPU.ActiveCfg = Release|Any CPU
		{E889E796-0A63-F887-0662-40F86D47B956}.Release|Any CPU.Build.0 = Release|Any CPU
		{D6B6E996-9B85-E2CC-0B58-C6D637B7FE09}.Debug|Any CPU.ActiveCfg = Debug|Any CPU
		{D6B6E996-9B85-E2CC-0B58-C6D637B7FE09}.Debug|Any CPU.Build.0 = Debug|Any CPU
		{D6B6E996-9B85-E2CC-0B58-C6D637B7FE09}.Release|Any CPU.ActiveCfg = Release|Any CPU
		{D6B6E996-9B85-E2CC-0B58-C6D637B7FE09}.Release|Any CPU.Build.0 = Release|Any CPU
		{DFAD3C0C-4E81-C534-2C7F-DEA95B8AE434}.Debug|Any CPU.ActiveCfg = Debug|Any CPU
		{DFAD3C0C-4E81-C534-2C7F-DEA95B8AE434}.Debug|Any CPU.Build.0 = Debug|Any CPU
		{DFAD3C0C-4E81-C534-2C7F-DEA95B8AE434}.Release|Any CPU.ActiveCfg = Release|Any CPU
		{DFAD3C0C-4E81-C534-2C7F-DEA95B8AE434}.Release|Any CPU.Build.0 = Release|Any CPU
		{25A05823-DD4D-FC63-4D51-5F23B7D797BC}.Debug|Any CPU.ActiveCfg = Debug|Any CPU
		{25A05823-DD4D-FC63-4D51-5F23B7D797BC}.Debug|Any CPU.Build.0 = Debug|Any CPU
		{25A05823-DD4D-FC63-4D51-5F23B7D797BC}.Release|Any CPU.ActiveCfg = Release|Any CPU
		{25A05823-DD4D-FC63-4D51-5F23B7D797BC}.Release|Any CPU.Build.0 = Release|Any CPU
		{F24BEB3F-31FF-BF13-6547-0C10ED747F76}.Debug|Any CPU.ActiveCfg = Debug|Any CPU
		{F24BEB3F-31FF-BF13-6547-0C10ED747F76}.Debug|Any CPU.Build.0 = Debug|Any CPU
		{F24BEB3F-31FF-BF13-6547-0C10ED747F76}.Release|Any CPU.ActiveCfg = Release|Any CPU
		{F24BEB3F-31FF-BF13-6547-0C10ED747F76}.Release|Any CPU.Build.0 = Release|Any CPU
		{5E77CB0A-36ED-2C6A-8246-F10FF0C26962}.Debug|Any CPU.ActiveCfg = Debug|Any CPU
		{5E77CB0A-36ED-2C6A-8246-F10FF0C26962}.Debug|Any CPU.Build.0 = Debug|Any CPU
		{5E77CB0A-36ED-2C6A-8246-F10FF0C26962}.Release|Any CPU.ActiveCfg = Release|Any CPU
		{5E77CB0A-36ED-2C6A-8246-F10FF0C26962}.Release|Any CPU.Build.0 = Release|Any CPU
		{5C252BEB-6EE4-87B3-3AF4-AF9FD8CE2B76}.Debug|Any CPU.ActiveCfg = Debug|Any CPU
		{5C252BEB-6EE4-87B3-3AF4-AF9FD8CE2B76}.Debug|Any CPU.Build.0 = Debug|Any CPU
		{5C252BEB-6EE4-87B3-3AF4-AF9FD8CE2B76}.Release|Any CPU.ActiveCfg = Release|Any CPU
		{5C252BEB-6EE4-87B3-3AF4-AF9FD8CE2B76}.Release|Any CPU.Build.0 = Release|Any CPU
		{51EBE740-DAFA-8B48-112A-742E6B9D6424}.Debug|Any CPU.ActiveCfg = Debug|Any CPU
		{51EBE740-DAFA-8B48-112A-742E6B9D6424}.Debug|Any CPU.Build.0 = Debug|Any CPU
		{51EBE740-DAFA-8B48-112A-742E6B9D6424}.Release|Any CPU.ActiveCfg = Release|Any CPU
		{51EBE740-DAFA-8B48-112A-742E6B9D6424}.Release|Any CPU.Build.0 = Release|Any CPU
		{5365C3F1-4E9B-6616-E84F-0145857640FB}.Debug|Any CPU.ActiveCfg = Debug|Any CPU
		{5365C3F1-4E9B-6616-E84F-0145857640FB}.Debug|Any CPU.Build.0 = Debug|Any CPU
		{5365C3F1-4E9B-6616-E84F-0145857640FB}.Release|Any CPU.ActiveCfg = Release|Any CPU
		{5365C3F1-4E9B-6616-E84F-0145857640FB}.Release|Any CPU.Build.0 = Release|Any CPU
		{44BE7134-887D-C91D-BEB9-3E3AE58145C0}.Debug|Any CPU.ActiveCfg = Debug|Any CPU
		{44BE7134-887D-C91D-BEB9-3E3AE58145C0}.Debug|Any CPU.Build.0 = Debug|Any CPU
		{44BE7134-887D-C91D-BEB9-3E3AE58145C0}.Release|Any CPU.ActiveCfg = Release|Any CPU
		{44BE7134-887D-C91D-BEB9-3E3AE58145C0}.Release|Any CPU.Build.0 = Release|Any CPU
		{13BDAA02-6263-B266-5D66-89AB0F2E58C3}.Debug|Any CPU.ActiveCfg = Debug|Any CPU
		{13BDAA02-6263-B266-5D66-89AB0F2E58C3}.Debug|Any CPU.Build.0 = Debug|Any CPU
		{13BDAA02-6263-B266-5D66-89AB0F2E58C3}.Release|Any CPU.ActiveCfg = Release|Any CPU
		{13BDAA02-6263-B266-5D66-89AB0F2E58C3}.Release|Any CPU.Build.0 = Release|Any CPU
	EndGlobalSection
	GlobalSection(SolutionProperties) = preSolution
		HideSolutionNode = FALSE
	EndGlobalSection
EndGlobal
